{
    "_readme": [
        "This file locks the dependencies of your project to a known state",
        "Read more about it at https://getcomposer.org/doc/01-basic-usage.md#composer-lock-the-lock-file",
        "This file is @generated automatically"
    ],
    "hash": "6ae819162dcafb2645c799e2fea2e215",
    "content-hash": "88a9f83a0a46a579958277e137c765e2",
    "packages": [
        {
            "name": "phpfastcache/phpfastcache",
            "version": "5.0.16",
            "source": {
                "type": "git",
                "url": "https://github.com/PHPSocialNetwork/phpfastcache.git",
                "reference": "a24094a3af45773b7f43e98e37c37349d25f4ad0"
            },
            "dist": {
                "type": "zip",
                "url": "https://api.github.com/repos/PHPSocialNetwork/phpfastcache/zipball/a24094a3af45773b7f43e98e37c37349d25f4ad0",
                "reference": "a24094a3af45773b7f43e98e37c37349d25f4ad0",
                "shasum": ""
            },
            "require": {
                "ext-json": "*",
                "php": ">=5.5.0",
                "phpfastcache/phpssdb": "~1.0.0",
                "predis/predis": "~1.1.0",
                "psr/cache": "~1.0.0"
            },
            "suggest": {
                "ext-apc": "*",
                "ext-intl": "*",
                "ext-mbstring": "*",
                "ext-memcache": "*",
                "ext-memcached": "*",
                "ext-predis": "*",
                "ext-redis": "*",
                "ext-sqlite": "*"
            },
            "type": "library",
            "autoload": {
                "psr-4": {
                    "phpFastCache\\": "src/phpFastCache/"
                }
            },
            "notification-url": "https://packagist.org/downloads/",
            "license": [
                "MIT"
            ],
            "authors": [
                {
                    "name": "Khoa Bui",
                    "email": "khoaofgod@gmail.com",
                    "homepage": "http://www.phpfastcache.com",
                    "role": "Developer"
                },
                {
                    "name": "Georges.L",
                    "email": "contact@geolim4.com",
                    "homepage": "https://github.com/Geolim4",
                    "role": "Developer"
                }
            ],
            "description": "PHP Cache Class - Reduce your database call using cache system. PhpFastCache handles a lot of drivers such as Apc(u), CouchBase, Mongodb, Files, (P)redis, Leveldb, Memcache(d), Ssdb, Sqlite, Wincache, Xcache, Zend Data Cache.",
            "homepage": "http://www.phpfastcache.com",
            "keywords": [
                "LevelDb",
                "apc",
                "apcu",
                "cache",
                "cache class",
                "caching",
                "cookie",
                "couchbase",
                "files cache",
                "memcache",
                "memcached",
                "mongodb",
                "mysql cache",
                "pdo cache",
                "php cache",
                "predis",
                "redis",
                "ssdb",
                "wincache",
                "xcache",
                "zend",
                "zend data cache",
                "zend disk cache",
                "zend memory cache",
                "zend server"
            ],
            "time": "2017-04-13 20:34:32"
        },
        {
            "name": "phpfastcache/phpssdb",
            "version": "1.0.1",
            "source": {
                "type": "git",
                "url": "https://github.com/PHPSocialNetwork/phpssdb.git",
                "reference": "60cc285bf622664d9899da699503754259e8c970"
            },
            "dist": {
                "type": "zip",
                "url": "https://api.github.com/repos/PHPSocialNetwork/phpssdb/zipball/60cc285bf622664d9899da699503754259e8c970",
                "reference": "60cc285bf622664d9899da699503754259e8c970",
                "shasum": ""
            },
            "require": {
                "php": ">=5.4.0"
            },
            "type": "library",
            "autoload": {
                "psr-4": {
                    "phpssdb\\": "src/phpssdb/"
                }
            },
            "notification-url": "https://packagist.org/downloads/",
            "license": [
                "MIT"
            ],
            "authors": [
                {
                    "name": "Khoa Bui",
                    "email": "khoaofgod@gmail.com",
                    "homepage": "http://www.phpfastcache.com",
                    "role": "Developer"
                },
                {
                    "name": "Georges.L",
                    "email": "contact@geolim4.com",
                    "homepage": "https://github.com/Geolim4",
                    "role": "Developer"
                }
            ],
            "description": "PHP SSDB Driver for phpFastCache",
            "homepage": "http://www.phpfastcache.com",
            "keywords": [
                "cache",
                "driver",
                "ssdb"
            ],
            "time": "2017-04-21 22:22:57"
        },
        {
            "name": "predis/predis",
            "version": "v1.1.1",
            "source": {
                "type": "git",
                "url": "https://github.com/nrk/predis.git",
                "reference": "f0210e38881631afeafb56ab43405a92cafd9fd1"
            },
            "dist": {
                "type": "zip",
                "url": "https://api.github.com/repos/nrk/predis/zipball/f0210e38881631afeafb56ab43405a92cafd9fd1",
                "reference": "f0210e38881631afeafb56ab43405a92cafd9fd1",
                "shasum": ""
            },
            "require": {
                "php": ">=5.3.9"
            },
            "require-dev": {
                "phpunit/phpunit": "~4.8"
            },
            "suggest": {
                "ext-curl": "Allows access to Webdis when paired with phpiredis",
                "ext-phpiredis": "Allows faster serialization and deserialization of the Redis protocol"
            },
            "type": "library",
            "autoload": {
                "psr-4": {
                    "Predis\\": "src/"
                }
            },
            "notification-url": "https://packagist.org/downloads/",
            "license": [
                "MIT"
            ],
            "authors": [
                {
                    "name": "Daniele Alessandri",
                    "email": "suppakilla@gmail.com",
                    "homepage": "http://clorophilla.net"
                }
            ],
            "description": "Flexible and feature-complete Redis client for PHP and HHVM",
            "homepage": "http://github.com/nrk/predis",
            "keywords": [
                "nosql",
                "predis",
                "redis"
            ],
            "time": "2016-06-16 16:22:20"
        },
        {
            "name": "psr/cache",
            "version": "1.0.1",
            "source": {
                "type": "git",
                "url": "https://github.com/php-fig/cache.git",
                "reference": "d11b50ad223250cf17b86e38383413f5a6764bf8"
            },
            "dist": {
                "type": "zip",
                "url": "https://api.github.com/repos/php-fig/cache/zipball/d11b50ad223250cf17b86e38383413f5a6764bf8",
                "reference": "d11b50ad223250cf17b86e38383413f5a6764bf8",
                "shasum": ""
            },
            "require": {
                "php": ">=5.3.0"
            },
            "type": "library",
            "extra": {
                "branch-alias": {
                    "dev-master": "1.0.x-dev"
                }
            },
            "autoload": {
                "psr-4": {
                    "Psr\\Cache\\": "src/"
                }
            },
            "notification-url": "https://packagist.org/downloads/",
            "license": [
                "MIT"
            ],
            "authors": [
                {
                    "name": "PHP-FIG",
                    "homepage": "http://www.php-fig.org/"
                }
            ],
            "description": "Common interface for caching libraries",
            "keywords": [
                "cache",
                "psr",
                "psr-6"
            ],
            "time": "2016-08-06 20:24:11"
        },
        {
            "name": "skyscanner/jsonpath",
            "version": "0.7.3",
            "source": {
                "type": "git",
                "url": "https://github.com/Skyscanner/JsonPath-PHP.git",
                "reference": "dbb9140b7d27638f747c0a889388f492a20f41e4"
            },
            "dist": {
                "type": "zip",
                "url": "https://api.github.com/repos/Skyscanner/JsonPath-PHP/zipball/dbb9140b7d27638f747c0a889388f492a20f41e4",
                "reference": "dbb9140b7d27638f747c0a889388f492a20f41e4",
                "shasum": ""
            },
            "require": {
                "php": ">=5.3.3"
            },
            "require-dev": {
                "phpunit/phpunit": "~4.0",
                "sami/sami": ">=3.3.0",
                "satooshi/php-coveralls": ">=1.0.1"
            },
            "type": "library",
            "autoload": {
                "psr-0": {
                    "JsonPath\\": "src/Skyscanner/",
                    "Utilities\\": "src/Skyscanner/"
                }
            },
            "notification-url": "https://packagist.org/downloads/",
            "license": [
                "Apache 2.0"
            ],
            "authors": [
                {
                    "name": "Alessio Linares",
                    "email": "alessio@alessio.cc",
                    "role": "Developer"
                },
                {
                    "name": "Tudor Barbu",
                    "email": "tudor.barbu@skyscanner.net",
                    "role": "Senior Developer"
                }
            ],
            "description": "JSONPath implementation for querying and updating JSON objects",
            "keywords": [
                "json",
                "jsonpath",
                "path"
            ],
            "time": "2016-12-02 08:05:10"
        },
        {
            "name": "twig/twig",
            "version": "v1.34.4",
            "source": {
                "type": "git",
                "url": "https://github.com/twigphp/Twig.git",
                "reference": "f878bab48edb66ad9c6ed626bf817f60c6c096ee"
            },
            "dist": {
                "type": "zip",
                "url": "https://api.github.com/repos/twigphp/Twig/zipball/f878bab48edb66ad9c6ed626bf817f60c6c096ee",
                "reference": "f878bab48edb66ad9c6ed626bf817f60c6c096ee",
                "shasum": ""
            },
            "require": {
                "php": ">=5.3.3"
            },
            "require-dev": {
                "psr/container": "^1.0",
                "symfony/debug": "~2.7",
                "symfony/phpunit-bridge": "~3.3@dev"
            },
            "type": "library",
            "extra": {
                "branch-alias": {
                    "dev-master": "1.34-dev"
                }
            },
            "autoload": {
                "psr-0": {
                    "Twig_": "lib/"
                },
                "psr-4": {
                    "Twig\\": "src/"
                }
            },
            "notification-url": "https://packagist.org/downloads/",
            "license": [
                "BSD-3-Clause"
            ],
            "authors": [
                {
                    "name": "Fabien Potencier",
                    "email": "fabien@symfony.com",
                    "homepage": "http://fabien.potencier.org",
                    "role": "Lead Developer"
                },
                {
                    "name": "Armin Ronacher",
                    "email": "armin.ronacher@active-4.com",
                    "role": "Project Founder"
                },
                {
                    "name": "Twig Team",
                    "homepage": "http://twig.sensiolabs.org/contributors",
                    "role": "Contributors"
                }
            ],
            "description": "Twig, the flexible, fast, and secure template language for PHP",
            "homepage": "http://twig.sensiolabs.org",
            "keywords": [
                "templating"
            ],
            "time": "2017-07-04 13:19:31"
        }
    ],
    "packages-dev": [],
    "aliases": [],
    "minimum-stability": "stable",
    "stability-flags": [],
    "prefer-stable": false,
    "prefer-lowest": false,
    "platform": [],
    "platform-dev": []
}
